{
    "name": "@teamhive/google-analytics-helper",
    "version": "1.0.1",
    "lockfileVersion": 1,
    "requires": true,
    "dependencies": {
        "@types/google.analytics": {
            "version": "0.0.40",
            "resolved": "https://registry.npmjs.org/@types/google.analytics/-/google.analytics-0.0.40.tgz",
            "integrity": "sha512-R3HpnLkqmKxhUAf8kIVvDVGJqPtaaZlW4yowNwjOZUTmYUQEgHh8Nh5wkSXKMroNAuQM8gbXJHmNbbgA8tdb7Q=="
        },
        "typescript": {
            "version": "3.6.2",
            "resolved": "https://registry.npmjs.org/typescript/-/typescript-3.6.2.tgz",
            "integrity": "sha512-lmQ4L+J6mnu3xweP8+rOrUwzmN+MRAj7TgtJtDaXE5PMyX2kCrklhg3rvOsOIfNeAWMQWO2F1GPc1kMD2vLAfw==",
            "dev": true
        }
    }
}
